
Microsoft Visual Studio Solution File, Format Version 12.00
# Visual Studio 2012
Project("{FAE04EC0-301F-11D3-BF4B-00C04F79EFBC}") = "Sharparam.SwitchBladeSteam.Console", "Sharparam.SwitchBladeSteam.Console\Sharparam.SwitchBladeSteam.Console.csproj", "{F42106ED-5812-4398-B7E2-391FA5273944}"
EndProject
Project("{FAE04EC0-301F-11D3-BF4B-00C04F79EFBC}") = "Sharparam.SwitchBladeSteam.App", "Sharparam.SwitchBladeSteam.App\Sharparam.SwitchBladeSteam.App.csproj", "{2C411DDE-EA1E-4A15-9720-5776C9E94FDB}"
EndProject
Project("{FAE04EC0-301F-11D3-BF4B-00C04F79EFBC}") = "Sharparam.SharpBlade", "Sharparam.SharpBlade\Sharparam.SharpBlade\Sharparam.SharpBlade.csproj", "{2C390908-D634-4450-9804-71D4929DD392}"
EndProject
Project("{FAE04EC0-301F-11D3-BF4B-00C04F79EFBC}") = "Sharparam.SteamLib", "Sharparam.SteamLib\Sharparam.SteamLib\Sharparam.SteamLib.csproj", "{7A29757A-2A04-4089-9B78-ACDF896ABD0D}"
EndProject
Project("{FAE04EC0-301F-11D3-BF4B-00C04F79EFBC}") = "Steam4NET", "Sharparam.SteamLib\Steam4NET2\Steam4NET.csproj", "{1A204257-FE82-4BBE-9ED4-40694821C31F}"
EndProject
Global
	GlobalSection(SolutionConfigurationPlatforms) = preSolution
		Debug (Razer Enabled)|Any CPU = Debug (Razer Enabled)|Any CPU
		Debug|Any CPU = Debug|Any CPU
		Release (Razer Enabled)|Any CPU = Release (Razer Enabled)|Any CPU
		Release|Any CPU = Release|Any CPU
	EndGlobalSection
	GlobalSection(ProjectConfigurationPlatforms) = postSolution
		{F42106ED-5812-4398-B7E2-391FA5273944}.Debug (Razer Enabled)|Any CPU.ActiveCfg = Debug (Razer Enabled)|Any CPU
		{F42106ED-5812-4398-B7E2-391FA5273944}.Debug (Razer Enabled)|Any CPU.Build.0 = Debug (Razer Enabled)|Any CPU
		{F42106ED-5812-4398-B7E2-391FA5273944}.Debug|Any CPU.ActiveCfg = Debug|Any CPU
		{F42106ED-5812-4398-B7E2-391FA5273944}.Debug|Any CPU.Build.0 = Debug|Any CPU
		{F42106ED-5812-4398-B7E2-391FA5273944}.Release (Razer Enabled)|Any CPU.ActiveCfg = Release (Razer Enabled)|Any CPU
		{F42106ED-5812-4398-B7E2-391FA5273944}.Release (Razer Enabled)|Any CPU.Build.0 = Release (Razer Enabled)|Any CPU
		{F42106ED-5812-4398-B7E2-391FA5273944}.Release|Any CPU.ActiveCfg = Release|Any CPU
		{F42106ED-5812-4398-B7E2-391FA5273944}.Release|Any CPU.Build.0 = Release|Any CPU
		{2C411DDE-EA1E-4A15-9720-5776C9E94FDB}.Debug (Razer Enabled)|Any CPU.ActiveCfg = Debug (Razer Enabled)|Any CPU
		{2C411DDE-EA1E-4A15-9720-5776C9E94FDB}.Debug (Razer Enabled)|Any CPU.Build.0 = Debug (Razer Enabled)|Any CPU
		{2C411DDE-EA1E-4A15-9720-5776C9E94FDB}.Debug|Any CPU.ActiveCfg = Debug|Any CPU
		{2C411DDE-EA1E-4A15-9720-5776C9E94FDB}.Debug|Any CPU.Build.0 = Debug|Any CPU
		{2C411DDE-EA1E-4A15-9720-5776C9E94FDB}.Release (Razer Enabled)|Any CPU.ActiveCfg = Release (Razer Enabled)|Any CPU
		{2C411DDE-EA1E-4A15-9720-5776C9E94FDB}.Release (Razer Enabled)|Any CPU.Build.0 = Release (Razer Enabled)|Any CPU
		{2C411DDE-EA1E-4A15-9720-5776C9E94FDB}.Release|Any CPU.ActiveCfg = Release|Any CPU
		{2C411DDE-EA1E-4A15-9720-5776C9E94FDB}.Release|Any CPU.Build.0 = Release|Any CPU
		{2C390908-D634-4450-9804-71D4929DD392}.Debug (Razer Enabled)|Any CPU.ActiveCfg = Debug|Any CPU
		{2C390908-D634-4450-9804-71D4929DD392}.Debug (Razer Enabled)|Any CPU.Build.0 = Debug|Any CPU
		{2C390908-D634-4450-9804-71D4929DD392}.Debug|Any CPU.ActiveCfg = Debug|Any CPU
		{2C390908-D634-4450-9804-71D4929DD392}.Debug|Any CPU.Build.0 = Debug|Any CPU
		{2C390908-D634-4450-9804-71D4929DD392}.Release (Razer Enabled)|Any CPU.ActiveCfg = Release|Any CPU
		{2C390908-D634-4450-9804-71D4929DD392}.Release (Razer Enabled)|Any CPU.Build.0 = Release|Any CPU
		{2C390908-D634-4450-9804-71D4929DD392}.Release|Any CPU.ActiveCfg = Release|Any CPU
		{2C390908-D634-4450-9804-71D4929DD392}.Release|Any CPU.Build.0 = Release|Any CPU
		{7A29757A-2A04-4089-9B78-ACDF896ABD0D}.Debug (Razer Enabled)|Any CPU.ActiveCfg = Debug|Any CPU
		{7A29757A-2A04-4089-9B78-ACDF896ABD0D}.Debug (Razer Enabled)|Any CPU.Build.0 = Debug|Any CPU
		{7A29757A-2A04-4089-9B78-ACDF896ABD0D}.Debug|Any CPU.ActiveCfg = Debug|Any CPU
		{7A29757A-2A04-4089-9B78-ACDF896ABD0D}.Debug|Any CPU.Build.0 = Debug|Any CPU
		{7A29757A-2A04-4089-9B78-ACDF896ABD0D}.Release (Razer Enabled)|Any CPU.ActiveCfg = Release|Any CPU
		{7A29757A-2A04-4089-9B78-ACDF896ABD0D}.Release (Razer Enabled)|Any CPU.Build.0 = Release|Any CPU
		{7A29757A-2A04-4089-9B78-ACDF896ABD0D}.Release|Any CPU.ActiveCfg = Release|Any CPU
		{7A29757A-2A04-4089-9B78-ACDF896ABD0D}.Release|Any CPU.Build.0 = Release|Any CPU
		{1A204257-FE82-4BBE-9ED4-40694821C31F}.Debug (Razer Enabled)|Any CPU.ActiveCfg = Debug|Any CPU
		{1A204257-FE82-4BBE-9ED4-40694821C31F}.Debug (Razer Enabled)|Any CPU.Build.0 = Debug|Any CPU
		{1A204257-FE82-4BBE-9ED4-40694821C31F}.Debug|Any CPU.ActiveCfg = Debug|Any CPU
		{1A204257-FE82-4BBE-9ED4-40694821C31F}.Debug|Any CPU.Build.0 = Debug|Any CPU
		{1A204257-FE82-4BBE-9ED4-40694821C31F}.Release (Razer Enabled)|Any CPU.ActiveCfg = Release|Any CPU
		{1A204257-FE82-4BBE-9ED4-40694821C31F}.Release (Razer Enabled)|Any CPU.Build.0 = Release|Any CPU
		{1A204257-FE82-4BBE-9ED4-40694821C31F}.Release|Any CPU.ActiveCfg = Release|Any CPU
		{1A204257-FE82-4BBE-9ED4-40694821C31F}.Release|Any CPU.Build.0 = Release|Any CPU
	EndGlobalSection
	GlobalSection(SolutionProperties) = preSolution
		HideSolutionNode = FALSE
	EndGlobalSection
EndGlobal
